// !$*UTF8*$!
{
	archiveVersion = 1;
	classes = {
	};
	objectVersion = 46;
	objects = {

/* Begin PBXBuildFile section */
		43BC85B91DA31E2800FC04B0 /* RTRAppDelegate.swift in Sources */ = {isa = PBXBuildFile; fileRef = 43BC85B81DA31E2800FC04B0 /* RTRAppDelegate.swift */; };
		43BC85BB1DA31E2800FC04B0 /* RTRViewController.swift in Sources */ = {isa = PBXBuildFile; fileRef = 43BC85BA1DA31E2800FC04B0 /* RTRViewController.swift */; };
		43BC85C01DA31E2800FC04B0 /* Assets.xcassets in Resources */ = {isa = PBXBuildFile; fileRef = 43BC85BF1DA31E2800FC04B0 /* Assets.xcassets */; };
		43BC85CC1DA3226D00FC04B0 /* libc++.tbd in Frameworks */ = {isa = PBXBuildFile; fileRef = 43BC85CB1DA3226D00FC04B0 /* libc++.tbd */; };
		43BC85D01DA326F200FC04B0 /* RTRSelectedAreaView.swift in Sources */ = {isa = PBXBuildFile; fileRef = 43BC85CF1DA326F200FC04B0 /* RTRSelectedAreaView.swift */; };
		43BC85DD1DA4330200FC04B0 /* RTRHexColor.swift in Sources */ = {isa = PBXBuildFile; fileRef = 43BC85DC1DA4330200FC04B0 /* RTRHexColor.swift */; };
		67AC53712168FCF500690727 /* LicenseAgreement.html in Resources */ = {isa = PBXBuildFile; fileRef = 67AC53702168FCF400690727 /* LicenseAgreement.html */; };
		67AC53772168FD1E00690727 /* AbbyyRtrSDK.framework in Frameworks */ = {isa = PBXBuildFile; fileRef = 67AC53762168FD1E00690727 /* AbbyyRtrSDK.framework */; };
		67AC537B216920C900690727 /* LinkDeviceViewController.swift in Sources */ = {isa = PBXBuildFile; fileRef = 67AC5378216920C800690727 /* LinkDeviceViewController.swift */; };
		67AC537C216920C900690727 /* CodeConfirmation.storyboard in Resources */ = {isa = PBXBuildFile; fileRef = 67AC5379216920C800690727 /* CodeConfirmation.storyboard */; };
		67AC537D216920C900690727 /* CodeConfirmationViewController.swift in Sources */ = {isa = PBXBuildFile; fileRef = 67AC537A216920C900690727 /* CodeConfirmationViewController.swift */; };
		67AC537F2169215400690727 /* Main.storyboard in Resources */ = {isa = PBXBuildFile; fileRef = 67AC537E2169215400690727 /* Main.storyboard */; };
		67AC538121692D2200690727 /* English.edc in CopyFiles */ = {isa = PBXBuildFile; fileRef = 67AC538021692D2100690727 /* English.edc */; };
		67AC538321692D2D00690727 /* FindText.rom in CopyFiles */ = {isa = PBXBuildFile; fileRef = 67AC538221692D2D00690727 /* FindText.rom */; };
		67AC538521692D3400690727 /* European.rom in CopyFiles */ = {isa = PBXBuildFile; fileRef = 67AC538421692D3300690727 /* European.rom */; };
		CFF18E0B1F7101B9001A6DFF /* RTRProgressView.swift in Sources */ = {isa = PBXBuildFile; fileRef = CFF18E0A1F7101B9001A6DFF /* RTRProgressView.swift */; };
		CFF18E0C1F713A37001A6DFF /* TextCapture.RTRProgressView.xib in Resources */ = {isa = PBXBuildFile; fileRef = CFF18E081F710191001A6DFF /* TextCapture.RTRProgressView.xib */; };
/* End PBXBuildFile section */

/* Begin PBXCopyFilesBuildPhase section */
		07369D3E2168280D00240E4C /* CopyFiles */ = {
			isa = PBXCopyFilesBuildPhase;
			buildActionMask = 2147483647;
			dstPath = Dictionaries;
			dstSubfolderSpec = 7;
			files = (
				67AC538121692D2200690727 /* English.edc in CopyFiles */,
			);
			runOnlyForDeploymentPostprocessing = 0;
		};
		07369D422168293900240E4C /* CopyFiles */ = {
			isa = PBXCopyFilesBuildPhase;
			buildActionMask = 2147483647;
			dstPath = Patterns;
			dstSubfolderSpec = 7;
			files = (
				67AC538321692D2D00690727 /* FindText.rom in CopyFiles */,
				67AC538521692D3400690727 /* European.rom in CopyFiles */,
			);
			runOnlyForDeploymentPostprocessing = 0;
		};
		43BC86201DA4429500FC04B0 /* Copy Dictionaries */ = {
			isa = PBXCopyFilesBuildPhase;
			buildActionMask = 2147483647;
			dstPath = Dictionaries;
			dstSubfolderSpec = 7;
			files = (
			);
			name = "Copy Dictionaries";
			runOnlyForDeploymentPostprocessing = 0;
		};
		43BC86391DA4434D00FC04B0 /* Copy Patterns */ = {
			isa = PBXCopyFilesBuildPhase;
			buildActionMask = 2147483647;
			dstPath = Patterns;
			dstSubfolderSpec = 7;
			files = (
			);
			name = "Copy Patterns";
			runOnlyForDeploymentPostprocessing = 0;
		};
/* End PBXCopyFilesBuildPhase section */

/* Begin PBXFileReference section */
		43BC85B51DA31E2800FC04B0 /* NBC.app */ = {isa = PBXFileReference; explicitFileType = wrapper.application; includeInIndex = 0; path = NBC.app; sourceTree = BUILT_PRODUCTS_DIR; };
		43BC85B81DA31E2800FC04B0 /* RTRAppDelegate.swift */ = {isa = PBXFileReference; lastKnownFileType = sourcecode.swift; path = RTRAppDelegate.swift; sourceTree = "<group>"; };
		43BC85BA1DA31E2800FC04B0 /* RTRViewController.swift */ = {isa = PBXFileReference; lastKnownFileType = sourcecode.swift; path = RTRViewController.swift; sourceTree = "<group>"; };
		43BC85BF1DA31E2800FC04B0 /* Assets.xcassets */ = {isa = PBXFileReference; lastKnownFileType = folder.assetcatalog; path = Assets.xcassets; sourceTree = "<group>"; };
		43BC85C41DA31E2800FC04B0 /* Info.plist */ = {isa = PBXFileReference; lastKnownFileType = text.plist.xml; path = Info.plist; sourceTree = "<group>"; };
		43BC85CB1DA3226D00FC04B0 /* libc++.tbd */ = {isa = PBXFileReference; lastKnownFileType = "sourcecode.text-based-dylib-definition"; name = "libc++.tbd"; path = "usr/lib/libc++.tbd"; sourceTree = SDKROOT; };
		43BC85CF1DA326F200FC04B0 /* RTRSelectedAreaView.swift */ = {isa = PBXFileReference; fileEncoding = 4; lastKnownFileType = sourcecode.swift; path = RTRSelectedAreaView.swift; sourceTree = "<group>"; };
		43BC85D91DA3509E00FC04B0 /* RtrSamples-Bridging-Header.h */ = {isa = PBXFileReference; lastKnownFileType = sourcecode.c.h; path = "RtrSamples-Bridging-Header.h"; sourceTree = "<group>"; };
		43BC85DC1DA4330200FC04B0 /* RTRHexColor.swift */ = {isa = PBXFileReference; fileEncoding = 4; lastKnownFileType = sourcecode.swift; path = RTRHexColor.swift; sourceTree = "<group>"; };
		67AC536F2168FCE200690727 /* AbbyyRtrSdk.license */ = {isa = PBXFileReference; lastKnownFileType = file; path = AbbyyRtrSdk.license; sourceTree = "<group>"; };
		67AC53702168FCF400690727 /* LicenseAgreement.html */ = {isa = PBXFileReference; fileEncoding = 4; lastKnownFileType = text.html; path = LicenseAgreement.html; sourceTree = "<group>"; };
		67AC53722168FD0D00690727 /* dictionaries */ = {isa = PBXFileReference; lastKnownFileType = folder; path = dictionaries; sourceTree = "<group>"; };
		67AC53732168FD0D00690727 /* patterns */ = {isa = PBXFileReference; lastKnownFileType = folder; path = patterns; sourceTree = "<group>"; };
		67AC53762168FD1E00690727 /* AbbyyRtrSDK.framework */ = {isa = PBXFileReference; lastKnownFileType = wrapper.framework; path = AbbyyRtrSDK.framework; sourceTree = "<group>"; };
		67AC5378216920C800690727 /* LinkDeviceViewController.swift */ = {isa = PBXFileReference; fileEncoding = 4; lastKnownFileType = sourcecode.swift; path = LinkDeviceViewController.swift; sourceTree = "<group>"; };
		67AC5379216920C800690727 /* CodeConfirmation.storyboard */ = {isa = PBXFileReference; fileEncoding = 4; lastKnownFileType = file.storyboard; path = CodeConfirmation.storyboard; sourceTree = "<group>"; };
		67AC537A216920C900690727 /* CodeConfirmationViewController.swift */ = {isa = PBXFileReference; fileEncoding = 4; lastKnownFileType = sourcecode.swift; path = CodeConfirmationViewController.swift; sourceTree = "<group>"; };
		67AC537E2169215400690727 /* Main.storyboard */ = {isa = PBXFileReference; fileEncoding = 4; lastKnownFileType = file.storyboard; path = Main.storyboard; sourceTree = "<group>"; };
		67AC538021692D2100690727 /* English.edc */ = {isa = PBXFileReference; lastKnownFileType = file; path = English.edc; sourceTree = "<group>"; };
		67AC538221692D2D00690727 /* FindText.rom */ = {isa = PBXFileReference; lastKnownFileType = file; path = FindText.rom; sourceTree = "<group>"; };
		67AC538421692D3300690727 /* European.rom */ = {isa = PBXFileReference; lastKnownFileType = file; path = European.rom; sourceTree = "<group>"; };
		CF5693381DCB53D3006059E2 /* TextCapture.entitlements */ = {isa = PBXFileReference; lastKnownFileType = text.plist.entitlements; path = TextCapture.entitlements; sourceTree = "<group>"; };
		CFF18E081F710191001A6DFF /* TextCapture.RTRProgressView.xib */ = {isa = PBXFileReference; lastKnownFileType = file.xib; path = TextCapture.RTRProgressView.xib; sourceTree = "<group>"; };
		CFF18E0A1F7101B9001A6DFF /* RTRProgressView.swift */ = {isa = PBXFileReference; lastKnownFileType = sourcecode.swift; path = RTRProgressView.swift; sourceTree = "<group>"; };
/* End PBXFileReference section */

/* Begin PBXFrameworksBuildPhase section */
		43BC85B21DA31E2800FC04B0 /* Frameworks */ = {
			isa = PBXFrameworksBuildPhase;
			buildActionMask = 2147483647;
			files = (
				67AC53772168FD1E00690727 /* AbbyyRtrSDK.framework in Frameworks */,
				43BC85CC1DA3226D00FC04B0 /* libc++.tbd in Frameworks */,
			);
			runOnlyForDeploymentPostprocessing = 0;
		};
/* End PBXFrameworksBuildPhase section */

/* Begin PBXGroup section */
		07369CFF21681D6700240E4C /* assets */ = {
			isa = PBXGroup;
			children = (
				67AC53722168FD0D00690727 /* dictionaries */,
				67AC53732168FD0D00690727 /* patterns */,
			);
			name = assets;
			path = "../../Downloads/abbyy-rtr-sdk-1.0.8.26.iOS 3/assets";
			sourceTree = "<group>";
		};
		07369D3921681E9D00240E4C /* License */ = {
			isa = PBXGroup;
			children = (
				67AC53702168FCF400690727 /* LicenseAgreement.html */,
				67AC536F2168FCE200690727 /* AbbyyRtrSdk.license */,
			);
			name = License;
			path = "../../Downloads/abbyy-rtr-sdk-1.0.8.26.iOS 3/License";
			sourceTree = "<group>";
		};
		43BC85AC1DA31E2800FC04B0 = {
			isa = PBXGroup;
			children = (
				67AC538421692D3300690727 /* European.rom */,
				67AC538221692D2D00690727 /* FindText.rom */,
				67AC538021692D2100690727 /* English.edc */,
				07369D3921681E9D00240E4C /* License */,
				07369CFF21681D6700240E4C /* assets */,
				75CA77A11E6D7F4800750492 /* libs */,
				43BC85B71DA31E2800FC04B0 /* TextCapture */,
				43BC85B61DA31E2800FC04B0 /* Products */,
				43BC85CA1DA3226D00FC04B0 /* Frameworks */,
			);
			sourceTree = "<group>";
		};
		43BC85B61DA31E2800FC04B0 /* Products */ = {
			isa = PBXGroup;
			children = (
				43BC85B51DA31E2800FC04B0 /* NBC.app */,
			);
			name = Products;
			sourceTree = "<group>";
		};
		43BC85B71DA31E2800FC04B0 /* TextCapture */ = {
			isa = PBXGroup;
			children = (
				67AC5379216920C800690727 /* CodeConfirmation.storyboard */,
				67AC537A216920C900690727 /* CodeConfirmationViewController.swift */,
				67AC5378216920C800690727 /* LinkDeviceViewController.swift */,
				CFF18E081F710191001A6DFF /* TextCapture.RTRProgressView.xib */,
				CF5693381DCB53D3006059E2 /* TextCapture.entitlements */,
				43BC85D91DA3509E00FC04B0 /* RtrSamples-Bridging-Header.h */,
				43BC85B81DA31E2800FC04B0 /* RTRAppDelegate.swift */,
				43BC85CF1DA326F200FC04B0 /* RTRSelectedAreaView.swift */,
				43BC85BA1DA31E2800FC04B0 /* RTRViewController.swift */,
				43BC85DC1DA4330200FC04B0 /* RTRHexColor.swift */,
				67AC537E2169215400690727 /* Main.storyboard */,
				43BC85BF1DA31E2800FC04B0 /* Assets.xcassets */,
				43BC85C41DA31E2800FC04B0 /* Info.plist */,
				CFF18E0A1F7101B9001A6DFF /* RTRProgressView.swift */,
			);
			path = TextCapture;
			sourceTree = "<group>";
		};
		43BC85CA1DA3226D00FC04B0 /* Frameworks */ = {
			isa = PBXGroup;
			children = (
				43BC85CB1DA3226D00FC04B0 /* libc++.tbd */,
			);
			name = Frameworks;
			sourceTree = "<group>";
		};
		75CA77A11E6D7F4800750492 /* libs */ = {
			isa = PBXGroup;
			children = (
				67AC53762168FD1E00690727 /* AbbyyRtrSDK.framework */,
			);
			name = libs;
			path = ../libs;
			sourceTree = "<group>";
		};
/* End PBXGroup section */

/* Begin PBXNativeTarget section */
		43BC85B41DA31E2800FC04B0 /* NBC */ = {
			isa = PBXNativeTarget;
			buildConfigurationList = 43BC85C71DA31E2800FC04B0 /* Build configuration list for PBXNativeTarget "NBC" */;
			buildPhases = (
				43BC85B11DA31E2800FC04B0 /* Sources */,
				43BC85B21DA31E2800FC04B0 /* Frameworks */,
				43BC85B31DA31E2800FC04B0 /* Resources */,
				43BC86201DA4429500FC04B0 /* Copy Dictionaries */,
				43BC86391DA4434D00FC04B0 /* Copy Patterns */,
				CF220F941F7D475600E24FBC /* Copy Extended Version Files */,
				07369D3E2168280D00240E4C /* CopyFiles */,
				07369D422168293900240E4C /* CopyFiles */,
			);
			buildRules = (
			);
			dependencies = (
			);
			name = NBC;
			productName = TextCapture;
			productReference = 43BC85B51DA31E2800FC04B0 /* NBC.app */;
			productType = "com.apple.product-type.application";
		};
/* End PBXNativeTarget section */

/* Begin PBXProject section */
		43BC85AD1DA31E2800FC04B0 /* Project object */ = {
			isa = PBXProject;
			attributes = {
				LastSwiftUpdateCheck = 0800;
				LastUpgradeCheck = 0800;
				ORGANIZATIONNAME = "Findo Inc.";
				TargetAttributes = {
					43BC85B41DA31E2800FC04B0 = {
						CreatedOnToolsVersion = 8.0;
						DevelopmentTeam = 4LA8TGHNZ7;
						ProvisioningStyle = Automatic;
						SystemCapabilities = {
							com.apple.Keychain = {
								enabled = 1;
							};
						};
					};
				};
			};
			buildConfigurationList = 43BC85B01DA31E2800FC04B0 /* Build configuration list for PBXProject "TextCapture" */;
			compatibilityVersion = "Xcode 3.2";
			developmentRegion = English;
			hasScannedForEncodings = 0;
			knownRegions = (
				en,
				Base,
			);
			mainGroup = 43BC85AC1DA31E2800FC04B0;
			productRefGroup = 43BC85B61DA31E2800FC04B0 /* Products */;
			projectDirPath = "";
			projectRoot = "";
			targets = (
				43BC85B41DA31E2800FC04B0 /* NBC */,
			);
		};
/* End PBXProject section */

/* Begin PBXResourcesBuildPhase section */
		43BC85B31DA31E2800FC04B0 /* Resources */ = {
			isa = PBXResourcesBuildPhase;
			buildActionMask = 2147483647;
			files = (
				CFF18E0C1F713A37001A6DFF /* TextCapture.RTRProgressView.xib in Resources */,
				67AC537C216920C900690727 /* CodeConfirmation.storyboard in Resources */,
				67AC537F2169215400690727 /* Main.storyboard in Resources */,
				43BC85C01DA31E2800FC04B0 /* Assets.xcassets in Resources */,
				67AC53712168FCF500690727 /* LicenseAgreement.html in Resources */,
			);
			runOnlyForDeploymentPostprocessing = 0;
		};
/* End PBXResourcesBuildPhase section */

/* Begin PBXShellScriptBuildPhase section */
		CF220F941F7D475600E24FBC /* Copy Extended Version Files */ = {
			isa = PBXShellScriptBuildPhase;
			buildActionMask = 2147483647;
			files = (
			);
			inputPaths = (
			);
			name = "Copy Extended Version Files";
			outputPaths = (
			);
			runOnlyForDeploymentPostprocessing = 0;
			shellPath = /bin/sh;
			shellScript = "ASSET_DIR=${SRCROOT}/../assets\nPATTERNS_DIR=$ASSET_DIR/patterns\nDICTIONARIES_DIR=$ASSET_DIR/dictionaries\n\nPATTERNS_FILES_TO_COPY=(\"$PATTERNS_DIR/ChineseJapanese.rom\" \"$PATTERNS_DIR/KoreanSpecific.rom\")\n\nRUSSIAN_DICTIONARY=\"$DICTIONARIES_DIR/Russian.edc\"\n\nBUILT_APP_DIR=${BUILT_PRODUCTS_DIR}/${PRODUCT_NAME}.app\nPATTERNS_DESTINATION_DIR=\"$BUILT_APP_DIR/Patterns\"\nDICTIONARIES_DESTINATION_DIR=\"$BUILT_APP_DIR/Dictionaries\"\n\nfor f in \"${PATTERNS_FILES_TO_COPY[@]}\"; do\nif [ -f \"$f\" ]; then\ncp -f \"$f\" \"$PATTERNS_DESTINATION_DIR\"\nfi\ndone\n\nif [ -f \"$RUSSIAN_DICTIONARY\" ]; then\ncp -f \"$RUSSIAN_DICTIONARY\" \"$DICTIONARIES_DESTINATION_DIR\"\nfi\n";
		};
/* End PBXShellScriptBuildPhase section */

/* Begin PBXSourcesBuildPhase section */
		43BC85B11DA31E2800FC04B0 /* Sources */ = {
			isa = PBXSourcesBuildPhase;
			buildActionMask = 2147483647;
			files = (
				67AC537B216920C900690727 /* LinkDeviceViewController.swift in Sources */,
				CFF18E0B1F7101B9001A6DFF /* RTRProgressView.swift in Sources */,
				43BC85DD1DA4330200FC04B0 /* RTRHexColor.swift in Sources */,
				43BC85BB1DA31E2800FC04B0 /* RTRViewController.swift in Sources */,
				43BC85D01DA326F200FC04B0 /* RTRSelectedAreaView.swift in Sources */,
				43BC85B91DA31E2800FC04B0 /* RTRAppDelegate.swift in Sources */,
				67AC537D216920C900690727 /* CodeConfirmationViewController.swift in Sources */,
			);
			runOnlyForDeploymentPostprocessing = 0;
		};
/* End PBXSourcesBuildPhase section */

/* Begin XCBuildConfiguration section */
		43BC85C51DA31E2800FC04B0 /* Debug */ = {
			isa = XCBuildConfiguration;
			buildSettings = {
				ALWAYS_SEARCH_USER_PATHS = NO;
				CLANG_ANALYZER_NONNULL = YES;
				CLANG_CXX_LANGUAGE_STANDARD = "gnu++0x";
				CLANG_CXX_LIBRARY = "libc++";
				CLANG_ENABLE_MODULES = YES;
				CLANG_ENABLE_OBJC_ARC = YES;
				CLANG_WARN_BOOL_CONVERSION = YES;
				CLANG_WARN_CONSTANT_CONVERSION = YES;
				CLANG_WARN_DIRECT_OBJC_ISA_USAGE = YES_ERROR;
				CLANG_WARN_DOCUMENTATION_COMMENTS = YES;
				CLANG_WARN_EMPTY_BODY = YES;
				CLANG_WARN_ENUM_CONVERSION = YES;
				CLANG_WARN_INFINITE_RECURSION = YES;
				CLANG_WARN_INT_CONVERSION = YES;
				CLANG_WARN_OBJC_ROOT_CLASS = YES_ERROR;
				CLANG_WARN_SUSPICIOUS_MOVE = YES;
				CLANG_WARN_SUSPICIOUS_MOVES = YES;
				CLANG_WARN_UNREACHABLE_CODE = YES;
				CLANG_WARN__DUPLICATE_METHOD_MATCH = YES;
				CODE_SIGN_IDENTITY = "iPhone Developer";
				"CODE_SIGN_IDENTITY[sdk=iphoneos*]" = "iPhone Developer";
				COPY_PHASE_STRIP = NO;
				DEBUG_INFORMATION_FORMAT = dwarf;
				DEFINES_MODULE = NO;
				ENABLE_BITCODE = NO;
				ENABLE_STRICT_OBJC_MSGSEND = YES;
				ENABLE_TESTABILITY = YES;
				GCC_C_LANGUAGE_STANDARD = gnu99;
				GCC_DYNAMIC_NO_PIC = NO;
				GCC_NO_COMMON_BLOCKS = YES;
				GCC_OPTIMIZATION_LEVEL = 0;
				GCC_PREPROCESSOR_DEFINITIONS = (
					"DEBUG=1",
					"$(inherited)",
				);
				GCC_WARN_64_TO_32_BIT_CONVERSION = YES;
				GCC_WARN_ABOUT_RETURN_TYPE = YES_ERROR;
				GCC_WARN_UNDECLARED_SELECTOR = YES;
				GCC_WARN_UNINITIALIZED_AUTOS = YES_AGGRESSIVE;
				GCC_WARN_UNUSED_FUNCTION = YES;
				GCC_WARN_UNUSED_VARIABLE = YES;
				IPHONEOS_DEPLOYMENT_TARGET = 8.0;
				MTL_ENABLE_DEBUG_INFO = YES;
				ONLY_ACTIVE_ARCH = YES;
				SDKROOT = iphoneos;
				SWIFT_ACTIVE_COMPILATION_CONDITIONS = DEBUG;
				SWIFT_OBJC_BRIDGING_HEADER = "TextCapture/RtrSamples-Bridging-Header.h";
				SWIFT_OPTIMIZATION_LEVEL = "-Onone";
				TARGETED_DEVICE_FAMILY = "1,2";
			};
			name = Debug;
		};
		43BC85C61DA31E2800FC04B0 /* Release */ = {
			isa = XCBuildConfiguration;
			buildSettings = {
				ALWAYS_SEARCH_USER_PATHS = NO;
				CLANG_ANALYZER_NONNULL = YES;
				CLANG_CXX_LANGUAGE_STANDARD = "gnu++0x";
				CLANG_CXX_LIBRARY = "libc++";
				CLANG_ENABLE_MODULES = YES;
				CLANG_ENABLE_OBJC_ARC = YES;
				CLANG_WARN_BOOL_CONVERSION = YES;
				CLANG_WARN_CONSTANT_CONVERSION = YES;
				CLANG_WARN_DIRECT_OBJC_ISA_USAGE = YES_ERROR;
				CLANG_WARN_DOCUMENTATION_COMMENTS = YES;
				CLANG_WARN_EMPTY_BODY = YES;
				CLANG_WARN_ENUM_CONVERSION = YES;
				CLANG_WARN_INFINITE_RECURSION = YES;
				CLANG_WARN_INT_CONVERSION = YES;
				CLANG_WARN_OBJC_ROOT_CLASS = YES_ERROR;
				CLANG_WARN_SUSPICIOUS_MOVE = YES;
				CLANG_WARN_SUSPICIOUS_MOVES = YES;
				CLANG_WARN_UNREACHABLE_CODE = YES;
				CLANG_WARN__DUPLICATE_METHOD_MATCH = YES;
				CODE_SIGN_IDENTITY = "iPhone Developer";
				"CODE_SIGN_IDENTITY[sdk=iphoneos*]" = "iPhone Developer";
				COPY_PHASE_STRIP = NO;
				DEBUG_INFORMATION_FORMAT = "dwarf-with-dsym";
				DEFINES_MODULE = NO;
				ENABLE_BITCODE = NO;
				ENABLE_NS_ASSERTIONS = NO;
				ENABLE_STRICT_OBJC_MSGSEND = YES;
				GCC_C_LANGUAGE_STANDARD = gnu99;
				GCC_NO_COMMON_BLOCKS = YES;
				GCC_WARN_64_TO_32_BIT_CONVERSION = YES;
				GCC_WARN_ABOUT_RETURN_TYPE = YES_ERROR;
				GCC_WARN_UNDECLARED_SELECTOR = YES;
				GCC_WARN_UNINITIALIZED_AUTOS = YES_AGGRESSIVE;
				GCC_WARN_UNUSED_FUNCTION = YES;
				GCC_WARN_UNUSED_VARIABLE = YES;
				IPHONEOS_DEPLOYMENT_TARGET = 8.0;
				MTL_ENABLE_DEBUG_INFO = NO;
				SDKROOT = iphoneos;
				SWIFT_OBJC_BRIDGING_HEADER = "TextCapture/RtrSamples-Bridging-Header.h";
				SWIFT_OPTIMIZATION_LEVEL = "-Owholemodule";
				TARGETED_DEVICE_FAMILY = "1,2";
				VALIDATE_PRODUCT = YES;
			};
			name = Release;
		};
		43BC85C81DA31E2800FC04B0 /* Debug */ = {
			isa = XCBuildConfiguration;
			buildSettings = {
				ASSETCATALOG_COMPILER_APPICON_NAME = AppIcon;
				CODE_SIGN_ENTITLEMENTS = TextCapture/TextCapture.entitlements;
				CODE_SIGN_IDENTITY = "iPhone Developer";
				CODE_SIGN_STYLE = Automatic;
				DEFINES_MODULE = NO;
				DEVELOPMENT_TEAM = 4LA8TGHNZ7;
				FRAMEWORK_SEARCH_PATHS = (
					"$(inherited)",
					../libs,
				);
				INFOPLIST_FILE = TextCapture/Info.plist;
				IPHONEOS_DEPLOYMENT_TARGET = 8.0;
				LD_RUNPATH_SEARCH_PATHS = "$(inherited) @executable_path/Frameworks";
				PRODUCT_BUNDLE_IDENTIFIER = com.nbcuni.ocr;
				PRODUCT_NAME = "$(TARGET_NAME)";
				PROVISIONING_PROFILE = "";
				PROVISIONING_PROFILE_SPECIFIER = "";
				SWIFT_OBJC_BRIDGING_HEADER = "TextCapture/RtrSamples-Bridging-Header.h";
				SWIFT_VERSION = 4.0;
			};
			name = Debug;
		};
		43BC85C91DA31E2800FC04B0 /* Release */ = {
			isa = XCBuildConfiguration;
			buildSettings = {
				ASSETCATALOG_COMPILER_APPICON_NAME = AppIcon;
				CODE_SIGN_ENTITLEMENTS = TextCapture/TextCapture.entitlements;
				CODE_SIGN_IDENTITY = "iPhone Developer";
				CODE_SIGN_STYLE = Automatic;
				DEFINES_MODULE = NO;
				DEVELOPMENT_TEAM = 4LA8TGHNZ7;
				FRAMEWORK_SEARCH_PATHS = (
					"$(inherited)",
					../libs,
				);
				INFOPLIST_FILE = TextCapture/Info.plist;
				IPHONEOS_DEPLOYMENT_TARGET = 8.0;
				LD_RUNPATH_SEARCH_PATHS = "$(inherited) @executable_path/Frameworks";
				PRODUCT_BUNDLE_IDENTIFIER = com.nbcuni.ocr;
				PRODUCT_NAME = "$(TARGET_NAME)";
				PROVISIONING_PROFILE = "";
				PROVISIONING_PROFILE_SPECIFIER = "";
				SWIFT_OBJC_BRIDGING_HEADER = "TextCapture/RtrSamples-Bridging-Header.h";
				SWIFT_VERSION = 4.0;
			};
			name = Release;
		};
/* End XCBuildConfiguration section */

/* Begin XCConfigurationList section */
		43BC85B01DA31E2800FC04B0 /* Build configuration list for PBXProject "TextCapture" */ = {
			isa = XCConfigurationList;
			buildConfigurations = (
				43BC85C51DA31E2800FC04B0 /* Debug */,
				43BC85C61DA31E2800FC04B0 /* Release */,
			);
			defaultConfigurationIsVisible = 0;
			defaultConfigurationName = Release;
		};
		43BC85C71DA31E2800FC04B0 /* Build configuration list for PBXNativeTarget "NBC" */ = {
			isa = XCConfigurationList;
			buildConfigurations = (
				43BC85C81DA31E2800FC04B0 /* Debug */,
				43BC85C91DA31E2800FC04B0 /* Release */,
			);
			defaultConfigurationIsVisible = 0;
			defaultConfigurationName = Release;
		};
/* End XCConfigurationList section */
	};
	rootObject = 43BC85AD1DA31E2800FC04B0 /* Project object */;
}
